// !$*UTF8*$!
{
	archiveVersion = 1;
	classes = {
	};
	objectVersion = 56;
	objects = {

/* Begin PBXBuildFile section */
		1B05513D2A56A6FB002904B5 /* WidgetKit.framework in Frameworks */ = {isa = PBXBuildFile; fileRef = 1B383F542A55007B003665EA /* WidgetKit.framework */; };
		1B05513E2A56A6FB002904B5 /* SwiftUI.framework in Frameworks */ = {isa = PBXBuildFile; fileRef = 1B383F562A55007B003665EA /* SwiftUI.framework */; };
		1B0551412A56A6FB002904B5 /* widgetBundle.swift in Sources */ = {isa = PBXBuildFile; fileRef = 1B0551402A56A6FB002904B5 /* widgetBundle.swift */; };
		1B0551432A56A6FB002904B5 /* widgetLiveActivity.swift in Sources */ = {isa = PBXBuildFile; fileRef = 1B0551422A56A6FB002904B5 /* widgetLiveActivity.swift */; };
		1B0551452A56A6FB002904B5 /* widget.swift in Sources */ = {isa = PBXBuildFile; fileRef = 1B0551442A56A6FB002904B5 /* widget.swift */; };
		1B0551482A56A6FC002904B5 /* Assets.xcassets in Resources */ = {isa = PBXBuildFile; fileRef = 1B0551472A56A6FC002904B5 /* Assets.xcassets */; };
		1B05514A2A56A6FC002904B5 /* widget.intentdefinition in Sources */ = {isa = PBXBuildFile; fileRef = 1B0551462A56A6FB002904B5 /* widget.intentdefinition */; };
		1B05514B2A56A6FC002904B5 /* widget.intentdefinition in Sources */ = {isa = PBXBuildFile; fileRef = 1B0551462A56A6FB002904B5 /* widget.intentdefinition */; };
		1B05514E2A56A6FC002904B5 /* widgetExtension.appex in Embed Foundation Extensions */ = {isa = PBXBuildFile; fileRef = 1B05513C2A56A6FB002904B5 /* widgetExtension.appex */; settings = {ATTRIBUTES = (RemoveHeadersOnCopy, ); }; };
		1B0551522A56A710002904B5 /* CGPoint+Extensions.swift in Sources */ = {isa = PBXBuildFile; fileRef = 1B2886592A19DC2900B1244B /* CGPoint+Extensions.swift */; };
		1B0551532A56A710002904B5 /* Color+Extensions.swift in Sources */ = {isa = PBXBuildFile; fileRef = 1B383F792A55329F003665EA /* Color+Extensions.swift */; };
		1B0551542A56A710002904B5 /* CGSIze+Extensions.swift in Sources */ = {isa = PBXBuildFile; fileRef = 1B2886572A19D73600B1244B /* CGSIze+Extensions.swift */; };
		1B0551552A56A717002904B5 /* GameManager.swift in Sources */ = {isa = PBXBuildFile; fileRef = 1B2886542A19D60C00B1244B /* GameManager.swift */; };
		1B0551562A56A717002904B5 /* AppGroup.swift in Sources */ = {isa = PBXBuildFile; fileRef = 1B383F762A5526C5003665EA /* AppGroup.swift */; };
		1B0551572A56A717002904B5 /* Unit.swift in Sources */ = {isa = PBXBuildFile; fileRef = 1B2886502A18FAF400B1244B /* Unit.swift */; };
		1B0551582A56A717002904B5 /* HandUnit.swift in Sources */ = {isa = PBXBuildFile; fileRef = 1B28865B2A19DFB200B1244B /* HandUnit.swift */; };
		1B0551592A56A71D002904B5 /* InfoPlist.strings in Resources */ = {isa = PBXBuildFile; fileRef = 1B5A78312A5678F6005C3ECC /* InfoPlist.strings */; };
		1B05515A2A56A734002904B5 /* GraphView.swift in Sources */ = {isa = PBXBuildFile; fileRef = 1B383F4A2A54F039003665EA /* GraphView.swift */; };
		1B05515B2A56A8EF002904B5 /* Assets.xcassets in Resources */ = {isa = PBXBuildFile; fileRef = 1B28862A2A18F77500B1244B /* Assets.xcassets */; };
		1B248B612A5CE1DA00A312DD /* GoogleMobileAds in Frameworks */ = {isa = PBXBuildFile; productRef = 1B248B602A5CE1DA00A312DD /* GoogleMobileAds */; };
		1B248B632A5CE43100A312DD /* AdView.swift in Sources */ = {isa = PBXBuildFile; fileRef = 1B248B622A5CE43100A312DD /* AdView.swift */; };
		1B248B662A5CE5FF00A312DD /* UIApplication+Extensions.swift in Sources */ = {isa = PBXBuildFile; fileRef = 1B248B652A5CE5FF00A312DD /* UIApplication+Extensions.swift */; };
		1B248B6C2A5D290500A312DD /* ImageView.swift in Sources */ = {isa = PBXBuildFile; fileRef = 1B248B6B2A5D290500A312DD /* ImageView.swift */; };
		1B248B6F2A5D39D200A312DD /* ActivityIndicatorView in Frameworks */ = {isa = PBXBuildFile; productRef = 1B248B6E2A5D39D200A312DD /* ActivityIndicatorView */; };
		1B2886272A18F77400B1244B /* GaweeBaweeBohApp.swift in Sources */ = {isa = PBXBuildFile; fileRef = 1B2886262A18F77400B1244B /* GaweeBaweeBohApp.swift */; };
		1B2886292A18F77400B1244B /* ContentView.swift in Sources */ = {isa = PBXBuildFile; fileRef = 1B2886282A18F77400B1244B /* ContentView.swift */; };
		1B28862B2A18F77500B1244B /* Assets.xcassets in Resources */ = {isa = PBXBuildFile; fileRef = 1B28862A2A18F77500B1244B /* Assets.xcassets */; };
		1B28862E2A18F77500B1244B /* Preview Assets.xcassets in Resources */ = {isa = PBXBuildFile; fileRef = 1B28862D2A18F77500B1244B /* Preview Assets.xcassets */; };
		1B2886512A18FAF400B1244B /* Unit.swift in Sources */ = {isa = PBXBuildFile; fileRef = 1B2886502A18FAF400B1244B /* Unit.swift */; };
		1B2886552A19D60C00B1244B /* GameManager.swift in Sources */ = {isa = PBXBuildFile; fileRef = 1B2886542A19D60C00B1244B /* GameManager.swift */; };
		1B2886582A19D73600B1244B /* CGSIze+Extensions.swift in Sources */ = {isa = PBXBuildFile; fileRef = 1B2886572A19D73600B1244B /* CGSIze+Extensions.swift */; };
		1B28865A2A19DC2900B1244B /* CGPoint+Extensions.swift in Sources */ = {isa = PBXBuildFile; fileRef = 1B2886592A19DC2900B1244B /* CGPoint+Extensions.swift */; };
		1B28865C2A19DFB200B1244B /* HandUnit.swift in Sources */ = {isa = PBXBuildFile; fileRef = 1B28865B2A19DFB200B1244B /* HandUnit.swift */; };
		1B383F4B2A54F039003665EA /* GraphView.swift in Sources */ = {isa = PBXBuildFile; fileRef = 1B383F4A2A54F039003665EA /* GraphView.swift */; };
		1B383F4D2A54F9C9003665EA /* CGFloat+Extensions.swift in Sources */ = {isa = PBXBuildFile; fileRef = 1B383F4C2A54F9C9003665EA /* CGFloat+Extensions.swift */; };
		1B383F772A5526C5003665EA /* AppGroup.swift in Sources */ = {isa = PBXBuildFile; fileRef = 1B383F762A5526C5003665EA /* AppGroup.swift */; };
		1B383F7A2A55329F003665EA /* Color+Extensions.swift in Sources */ = {isa = PBXBuildFile; fileRef = 1B383F792A55329F003665EA /* Color+Extensions.swift */; };
		1B55EDED2A6660CF00FCB7F8 /* MenuView.swift in Sources */ = {isa = PBXBuildFile; fileRef = 1B55EDEC2A6660CF00FCB7F8 /* MenuView.swift */; };
		1B55EDF12A66670800FCB7F8 /* Localizable.strings in Resources */ = {isa = PBXBuildFile; fileRef = 1B55EDF42A66670800FCB7F8 /* Localizable.strings */; };
		1B55EDF22A66670800FCB7F8 /* Localizable.strings in Resources */ = {isa = PBXBuildFile; fileRef = 1B55EDF42A66670800FCB7F8 /* Localizable.strings */; };
		1B5A782E2A5678F6005C3ECC /* InfoPlist.strings in Resources */ = {isa = PBXBuildFile; fileRef = 1B5A78312A5678F6005C3ECC /* InfoPlist.strings */; };
		1BBE50A12A5E67A80058400D /* StarView.swift in Sources */ = {isa = PBXBuildFile; fileRef = 1BBE50A02A5E67A80058400D /* StarView.swift */; };
		1BBE50A92A5E97BC0058400D /* GoogleAd.swift in Sources */ = {isa = PBXBuildFile; fileRef = 1BBE50A82A5E97BC0058400D /* GoogleAd.swift */; };
		1BBE50AB2A5E98D70058400D /* Userdefault+Extensions.swift in Sources */ = {isa = PBXBuildFile; fileRef = 1BBE50AA2A5E98D70058400D /* Userdefault+Extensions.swift */; };
		1BBE50AD2A5E9A370058400D /* BannerAdView.swift in Sources */ = {isa = PBXBuildFile; fileRef = 1BBE50AC2A5E9A370058400D /* BannerAdView.swift */; };
/* End PBXBuildFile section */

/* Begin PBXContainerItemProxy section */
		1B05514C2A56A6FC002904B5 /* PBXContainerItemProxy */ = {
			isa = PBXContainerItemProxy;
			containerPortal = 1B28861B2A18F77400B1244B /* Project object */;
			proxyType = 1;
			remoteGlobalIDString = 1B05513B2A56A6FB002904B5;
			remoteInfo = widgetExtension;
		};
/* End PBXContainerItemProxy section */

/* Begin PBXCopyFilesBuildPhase section */
		1B383F6B2A55007C003665EA /* Embed Foundation Extensions */ = {
			isa = PBXCopyFilesBuildPhase;
			buildActionMask = 2147483647;
			dstPath = "";
			dstSubfolderSpec = 13;
			files = (
				1B05514E2A56A6FC002904B5 /* widgetExtension.appex in Embed Foundation Extensions */,
			);
			name = "Embed Foundation Extensions";
			runOnlyForDeploymentPostprocessing = 0;
		};
/* End PBXCopyFilesBuildPhase section */

/* Begin PBXFileReference section */
		1B05513C2A56A6FB002904B5 /* widgetExtension.appex */ = {isa = PBXFileReference; explicitFileType = "wrapper.app-extension"; includeInIndex = 0; path = widgetExtension.appex; sourceTree = BUILT_PRODUCTS_DIR; };
		1B0551402A56A6FB002904B5 /* widgetBundle.swift */ = {isa = PBXFileReference; lastKnownFileType = sourcecode.swift; path = widgetBundle.swift; sourceTree = "<group>"; };
		1B0551422A56A6FB002904B5 /* widgetLiveActivity.swift */ = {isa = PBXFileReference; lastKnownFileType = sourcecode.swift; path = widgetLiveActivity.swift; sourceTree = "<group>"; };
		1B0551442A56A6FB002904B5 /* widget.swift */ = {isa = PBXFileReference; lastKnownFileType = sourcecode.swift; path = widget.swift; sourceTree = "<group>"; };
		1B0551462A56A6FB002904B5 /* widget.intentdefinition */ = {isa = PBXFileReference; lastKnownFileType = file.intentdefinition; path = widget.intentdefinition; sourceTree = "<group>"; };
		1B0551472A56A6FC002904B5 /* Assets.xcassets */ = {isa = PBXFileReference; lastKnownFileType = folder.assetcatalog; path = Assets.xcassets; sourceTree = "<group>"; };
		1B0551492A56A6FC002904B5 /* Info.plist */ = {isa = PBXFileReference; lastKnownFileType = text.plist.xml; path = Info.plist; sourceTree = "<group>"; };
		1B248B622A5CE43100A312DD /* AdView.swift */ = {isa = PBXFileReference; lastKnownFileType = sourcecode.swift; path = AdView.swift; sourceTree = "<group>"; };
		1B248B652A5CE5FF00A312DD /* UIApplication+Extensions.swift */ = {isa = PBXFileReference; lastKnownFileType = sourcecode.swift; path = "UIApplication+Extensions.swift"; sourceTree = "<group>"; };
		1B248B6B2A5D290500A312DD /* ImageView.swift */ = {isa = PBXFileReference; lastKnownFileType = sourcecode.swift; path = ImageView.swift; sourceTree = "<group>"; };
		1B2886232A18F77400B1244B /* GaweeBaweeBoh.app */ = {isa = PBXFileReference; explicitFileType = wrapper.application; includeInIndex = 0; path = GaweeBaweeBoh.app; sourceTree = BUILT_PRODUCTS_DIR; };
		1B2886262A18F77400B1244B /* GaweeBaweeBohApp.swift */ = {isa = PBXFileReference; lastKnownFileType = sourcecode.swift; path = GaweeBaweeBohApp.swift; sourceTree = "<group>"; };
		1B2886282A18F77400B1244B /* ContentView.swift */ = {isa = PBXFileReference; lastKnownFileType = sourcecode.swift; path = ContentView.swift; sourceTree = "<group>"; };
		1B28862A2A18F77500B1244B /* Assets.xcassets */ = {isa = PBXFileReference; lastKnownFileType = folder.assetcatalog; path = Assets.xcassets; sourceTree = "<group>"; };
		1B28862D2A18F77500B1244B /* Preview Assets.xcassets */ = {isa = PBXFileReference; lastKnownFileType = folder.assetcatalog; path = "Preview Assets.xcassets"; sourceTree = "<group>"; };
		1B2886372A18F77500B1244B /* GaweeBaweeBohTests.swift */ = {isa = PBXFileReference; lastKnownFileType = sourcecode.swift; path = GaweeBaweeBohTests.swift; sourceTree = "<group>"; };
		1B2886412A18F77500B1244B /* GaweeBaweeBohUITests.swift */ = {isa = PBXFileReference; lastKnownFileType = sourcecode.swift; path = GaweeBaweeBohUITests.swift; sourceTree = "<group>"; };
		1B2886432A18F77500B1244B /* GaweeBaweeBohUITestsLaunchTests.swift */ = {isa = PBXFileReference; lastKnownFileType = sourcecode.swift; path = GaweeBaweeBohUITestsLaunchTests.swift; sourceTree = "<group>"; };
		1B2886502A18FAF400B1244B /* Unit.swift */ = {isa = PBXFileReference; lastKnownFileType = sourcecode.swift; path = Unit.swift; sourceTree = "<group>"; };
		1B2886542A19D60C00B1244B /* GameManager.swift */ = {isa = PBXFileReference; lastKnownFileType = sourcecode.swift; path = GameManager.swift; sourceTree = "<group>"; };
		1B2886572A19D73600B1244B /* CGSIze+Extensions.swift */ = {isa = PBXFileReference; lastKnownFileType = sourcecode.swift; path = "CGSIze+Extensions.swift"; sourceTree = "<group>"; };
		1B2886592A19DC2900B1244B /* CGPoint+Extensions.swift */ = {isa = PBXFileReference; lastKnownFileType = sourcecode.swift; path = "CGPoint+Extensions.swift"; sourceTree = "<group>"; };
		1B28865B2A19DFB200B1244B /* HandUnit.swift */ = {isa = PBXFileReference; lastKnownFileType = sourcecode.swift; path = HandUnit.swift; sourceTree = "<group>"; };
		1B383F4A2A54F039003665EA /* GraphView.swift */ = {isa = PBXFileReference; lastKnownFileType = sourcecode.swift; path = GraphView.swift; sourceTree = "<group>"; };
		1B383F4C2A54F9C9003665EA /* CGFloat+Extensions.swift */ = {isa = PBXFileReference; lastKnownFileType = sourcecode.swift; path = "CGFloat+Extensions.swift"; sourceTree = "<group>"; };
		1B383F542A55007B003665EA /* WidgetKit.framework */ = {isa = PBXFileReference; lastKnownFileType = wrapper.framework; name = WidgetKit.framework; path = System/Library/Frameworks/WidgetKit.framework; sourceTree = SDKROOT; };
		1B383F562A55007B003665EA /* SwiftUI.framework */ = {isa = PBXFileReference; lastKnownFileType = wrapper.framework; name = SwiftUI.framework; path = System/Library/Frameworks/SwiftUI.framework; sourceTree = SDKROOT; };
		1B383F742A550867003665EA /* GaweeBaweeBoh.entitlements */ = {isa = PBXFileReference; lastKnownFileType = text.plist.entitlements; path = GaweeBaweeBoh.entitlements; sourceTree = "<group>"; };
		1B383F752A55087E003665EA /* widgetExtension.entitlements */ = {isa = PBXFileReference; lastKnownFileType = text.plist.entitlements; path = widgetExtension.entitlements; sourceTree = "<group>"; };
		1B383F762A5526C5003665EA /* AppGroup.swift */ = {isa = PBXFileReference; lastKnownFileType = sourcecode.swift; path = AppGroup.swift; sourceTree = "<group>"; };
		1B383F792A55329F003665EA /* Color+Extensions.swift */ = {isa = PBXFileReference; lastKnownFileType = sourcecode.swift; path = "Color+Extensions.swift"; sourceTree = "<group>"; };
		1B383F7C2A556131003665EA /* Info.plist */ = {isa = PBXFileReference; lastKnownFileType = text.plist; path = Info.plist; sourceTree = "<group>"; };
		1B55EDEC2A6660CF00FCB7F8 /* MenuView.swift */ = {isa = PBXFileReference; lastKnownFileType = sourcecode.swift; path = MenuView.swift; sourceTree = "<group>"; };
		1B55EDF32A66670800FCB7F8 /* en */ = {isa = PBXFileReference; lastKnownFileType = text.plist.strings; name = en; path = en.lproj/Localizable.strings; sourceTree = "<group>"; };
		1B55EDF52A66672600FCB7F8 /* ko */ = {isa = PBXFileReference; lastKnownFileType = text.plist.strings; name = ko; path = ko.lproj/InfoPlist.strings; sourceTree = "<group>"; };
		1B55EDF62A66672600FCB7F8 /* ko */ = {isa = PBXFileReference; lastKnownFileType = text.plist.strings; name = ko; path = ko.lproj/Localizable.strings; sourceTree = "<group>"; };
		1B5A78302A5678F6005C3ECC /* en */ = {isa = PBXFileReference; lastKnownFileType = text.plist.strings; name = en; path = en.lproj/InfoPlist.strings; sourceTree = "<group>"; };
		1BBE50A02A5E67A80058400D /* StarView.swift */ = {isa = PBXFileReference; lastKnownFileType = sourcecode.swift; path = StarView.swift; sourceTree = "<group>"; };
		1BBE50A82A5E97BC0058400D /* GoogleAd.swift */ = {isa = PBXFileReference; fileEncoding = 4; lastKnownFileType = sourcecode.swift; path = GoogleAd.swift; sourceTree = "<group>"; };
		1BBE50AA2A5E98D70058400D /* Userdefault+Extensions.swift */ = {isa = PBXFileReference; fileEncoding = 4; lastKnownFileType = sourcecode.swift; path = "Userdefault+Extensions.swift"; sourceTree = "<group>"; };
		1BBE50AC2A5E9A370058400D /* BannerAdView.swift */ = {isa = PBXFileReference; fileEncoding = 4; lastKnownFileType = sourcecode.swift; path = BannerAdView.swift; sourceTree = "<group>"; };
/* End PBXFileReference section */

/* Begin PBXFrameworksBuildPhase section */
		1B0551392A56A6FB002904B5 /* Frameworks */ = {
			isa = PBXFrameworksBuildPhase;
			buildActionMask = 2147483647;
			files = (
				1B05513E2A56A6FB002904B5 /* SwiftUI.framework in Frameworks */,
				1B05513D2A56A6FB002904B5 /* WidgetKit.framework in Frameworks */,
			);
			runOnlyForDeploymentPostprocessing = 0;
		};
		1B2886202A18F77400B1244B /* Frameworks */ = {
			isa = PBXFrameworksBuildPhase;
			buildActionMask = 2147483647;
			files = (
				1B248B6F2A5D39D200A312DD /* ActivityIndicatorView in Frameworks */,
				1B248B612A5CE1DA00A312DD /* GoogleMobileAds in Frameworks */,
			);
			runOnlyForDeploymentPostprocessing = 0;
		};
/* End PBXFrameworksBuildPhase section */

/* Begin PBXGroup section */
		1B05513F2A56A6FB002904B5 /* widget */ = {
			isa = PBXGroup;
			children = (
				1B0551402A56A6FB002904B5 /* widgetBundle.swift */,
				1B0551422A56A6FB002904B5 /* widgetLiveActivity.swift */,
				1B0551442A56A6FB002904B5 /* widget.swift */,
				1B0551462A56A6FB002904B5 /* widget.intentdefinition */,
				1B0551472A56A6FC002904B5 /* Assets.xcassets */,
				1B0551492A56A6FC002904B5 /* Info.plist */,
			);
			path = widget;
			sourceTree = "<group>";
		};
		1B28861A2A18F77400B1244B = {
			isa = PBXGroup;
			children = (
				1B383F752A55087E003665EA /* widgetExtension.entitlements */,
				1B383F6C2A55008C003665EA /* Common */,
				1B2886252A18F77400B1244B /* GaweeBaweeBoh */,
				1B2886362A18F77500B1244B /* GaweeBaweeBohTests */,
				1B2886402A18F77500B1244B /* GaweeBaweeBohUITests */,
				1B05513F2A56A6FB002904B5 /* widget */,
				1B383F532A55007B003665EA /* Frameworks */,
				1B2886242A18F77400B1244B /* Products */,
			);
			sourceTree = "<group>";
		};
		1B2886242A18F77400B1244B /* Products */ = {
			isa = PBXGroup;
			children = (
				1B2886232A18F77400B1244B /* GaweeBaweeBoh.app */,
				1B05513C2A56A6FB002904B5 /* widgetExtension.appex */,
			);
			name = Products;
			sourceTree = "<group>";
		};
		1B2886252A18F77400B1244B /* GaweeBaweeBoh */ = {
			isa = PBXGroup;
			children = (
				1B383F7C2A556131003665EA /* Info.plist */,
				1B383F742A550867003665EA /* GaweeBaweeBoh.entitlements */,
				1B383F732A5501DC003665EA /* Extensions */,
				1B2886262A18F77400B1244B /* GaweeBaweeBohApp.swift */,
				1B2886282A18F77400B1244B /* ContentView.swift */,
				1B55EDEC2A6660CF00FCB7F8 /* MenuView.swift */,
				1B383F4A2A54F039003665EA /* GraphView.swift */,
				1BBE50AC2A5E9A370058400D /* BannerAdView.swift */,
				1BBE50A82A5E97BC0058400D /* GoogleAd.swift */,
				1B248B622A5CE43100A312DD /* AdView.swift */,
				1B28862C2A18F77500B1244B /* Preview Content */,
				1B248B6B2A5D290500A312DD /* ImageView.swift */,
				1BBE50A02A5E67A80058400D /* StarView.swift */,
			);
			path = GaweeBaweeBoh;
			sourceTree = "<group>";
		};
		1B28862C2A18F77500B1244B /* Preview Content */ = {
			isa = PBXGroup;
			children = (
				1B28862D2A18F77500B1244B /* Preview Assets.xcassets */,
			);
			path = "Preview Content";
			sourceTree = "<group>";
		};
		1B2886362A18F77500B1244B /* GaweeBaweeBohTests */ = {
			isa = PBXGroup;
			children = (
				1B2886372A18F77500B1244B /* GaweeBaweeBohTests.swift */,
			);
			path = GaweeBaweeBohTests;
			sourceTree = "<group>";
		};
		1B2886402A18F77500B1244B /* GaweeBaweeBohUITests */ = {
			isa = PBXGroup;
			children = (
				1B2886412A18F77500B1244B /* GaweeBaweeBohUITests.swift */,
				1B2886432A18F77500B1244B /* GaweeBaweeBohUITestsLaunchTests.swift */,
			);
			path = GaweeBaweeBohUITests;
			sourceTree = "<group>";
		};
		1B2886562A19D71B00B1244B /* Extensions */ = {
			isa = PBXGroup;
			children = (
				1B2886572A19D73600B1244B /* CGSIze+Extensions.swift */,
				1B2886592A19DC2900B1244B /* CGPoint+Extensions.swift */,
				1B383F792A55329F003665EA /* Color+Extensions.swift */,
			);
			path = Extensions;
			sourceTree = "<group>";
		};
		1B383F532A55007B003665EA /* Frameworks */ = {
			isa = PBXGroup;
			children = (
				1B383F542A55007B003665EA /* WidgetKit.framework */,
				1B383F562A55007B003665EA /* SwiftUI.framework */,
			);
			name = Frameworks;
			sourceTree = "<group>";
		};
		1B383F6C2A55008C003665EA /* Common */ = {
			isa = PBXGroup;
			children = (
				1B28862A2A18F77500B1244B /* Assets.xcassets */,
				1B2886562A19D71B00B1244B /* Extensions */,
				1B2886502A18FAF400B1244B /* Unit.swift */,
				1B28865B2A19DFB200B1244B /* HandUnit.swift */,
				1B2886542A19D60C00B1244B /* GameManager.swift */,
				1B383F762A5526C5003665EA /* AppGroup.swift */,
				1B5A78312A5678F6005C3ECC /* InfoPlist.strings */,
				1B55EDF42A66670800FCB7F8 /* Localizable.strings */,
			);
			path = Common;
			sourceTree = "<group>";
		};
		1B383F732A5501DC003665EA /* Extensions */ = {
			isa = PBXGroup;
			children = (
				1BBE50AA2A5E98D70058400D /* Userdefault+Extensions.swift */,
				1B248B652A5CE5FF00A312DD /* UIApplication+Extensions.swift */,
				1B383F4C2A54F9C9003665EA /* CGFloat+Extensions.swift */,
			);
			path = Extensions;
			sourceTree = "<group>";
		};
/* End PBXGroup section */

/* Begin PBXNativeTarget section */
		1B05513B2A56A6FB002904B5 /* widgetExtension */ = {
			isa = PBXNativeTarget;
			buildConfigurationList = 1B05514F2A56A6FC002904B5 /* Build configuration list for PBXNativeTarget "widgetExtension" */;
			buildPhases = (
				1B0551382A56A6FB002904B5 /* Sources */,
				1B0551392A56A6FB002904B5 /* Frameworks */,
				1B05513A2A56A6FB002904B5 /* Resources */,
			);
			buildRules = (
			);
			dependencies = (
			);
			name = widgetExtension;
			productName = widgetExtension;
			productReference = 1B05513C2A56A6FB002904B5 /* widgetExtension.appex */;
			productType = "com.apple.product-type.app-extension";
		};
		1B2886222A18F77400B1244B /* GaweeBaweeBoh */ = {
			isa = PBXNativeTarget;
			buildConfigurationList = 1B2886472A18F77500B1244B /* Build configuration list for PBXNativeTarget "GaweeBaweeBoh" */;
			buildPhases = (
				1B28861F2A18F77400B1244B /* Sources */,
				1B2886202A18F77400B1244B /* Frameworks */,
				1B2886212A18F77400B1244B /* Resources */,
				1B383F6B2A55007C003665EA /* Embed Foundation Extensions */,
			);
			buildRules = (
			);
			dependencies = (
				1B05514D2A56A6FC002904B5 /* PBXTargetDependency */,
			);
			name = GaweeBaweeBoh;
			packageProductDependencies = (
				1B248B602A5CE1DA00A312DD /* GoogleMobileAds */,
				1B248B6E2A5D39D200A312DD /* ActivityIndicatorView */,
			);
			productName = GaweeBaweeBoh;
			productReference = 1B2886232A18F77400B1244B /* GaweeBaweeBoh.app */;
			productType = "com.apple.product-type.application";
		};
/* End PBXNativeTarget section */

/* Begin PBXProject section */
		1B28861B2A18F77400B1244B /* Project object */ = {
			isa = PBXProject;
			attributes = {
				BuildIndependentTargetsInParallel = 1;
				LastSwiftUpdateCheck = 1430;
				LastUpgradeCheck = 1430;
				TargetAttributes = {
					1B05513B2A56A6FB002904B5 = {
						CreatedOnToolsVersion = 14.3.1;
					};
					1B2886222A18F77400B1244B = {
						CreatedOnToolsVersion = 14.3;
					};
				};
			};
			buildConfigurationList = 1B28861E2A18F77400B1244B /* Build configuration list for PBXProject "GaweeBaweeBoh" */;
			compatibilityVersion = "Xcode 14.0";
			developmentRegion = en;
			hasScannedForEncodings = 0;
			knownRegions = (
				en,
				Base,
				ko,
			);
			mainGroup = 1B28861A2A18F77400B1244B;
			packageReferences = (
				1B248B5F2A5CE1DA00A312DD /* XCRemoteSwiftPackageReference "swift-package-manager-google-mobile-ads" */,
				1B248B6D2A5D39D200A312DD /* XCRemoteSwiftPackageReference "ActivityIndicatorView" */,
			);
			productRefGroup = 1B2886242A18F77400B1244B /* Products */;
			projectDirPath = "";
			projectRoot = "";
			targets = (
				1B2886222A18F77400B1244B /* GaweeBaweeBoh */,
				1B05513B2A56A6FB002904B5 /* widgetExtension */,
			);
		};
/* End PBXProject section */

/* Begin PBXResourcesBuildPhase section */
		1B05513A2A56A6FB002904B5 /* Resources */ = {
			isa = PBXResourcesBuildPhase;
			buildActionMask = 2147483647;
			files = (
				1B0551482A56A6FC002904B5 /* Assets.xcassets in Resources */,
				1B55EDF22A66670800FCB7F8 /* Localizable.strings in Resources */,
				1B05515B2A56A8EF002904B5 /* Assets.xcassets in Resources */,
				1B0551592A56A71D002904B5 /* InfoPlist.strings in Resources */,
			);
			runOnlyForDeploymentPostprocessing = 0;
		};
		1B2886212A18F77400B1244B /* Resources */ = {
			isa = PBXResourcesBuildPhase;
			buildActionMask = 2147483647;
			files = (
				1B28862E2A18F77500B1244B /* Preview Assets.xcassets in Resources */,
				1B55EDF12A66670800FCB7F8 /* Localizable.strings in Resources */,
				1B5A782E2A5678F6005C3ECC /* InfoPlist.strings in Resources */,
				1B28862B2A18F77500B1244B /* Assets.xcassets in Resources */,
			);
			runOnlyForDeploymentPostprocessing = 0;
		};
/* End PBXResourcesBuildPhase section */

/* Begin PBXSourcesBuildPhase section */
		1B0551382A56A6FB002904B5 /* Sources */ = {
			isa = PBXSourcesBuildPhase;
			buildActionMask = 2147483647;
			files = (
				1B05514A2A56A6FC002904B5 /* widget.intentdefinition in Sources */,
				1B0551552A56A717002904B5 /* GameManager.swift in Sources */,
				1B0551582A56A717002904B5 /* HandUnit.swift in Sources */,
				1B0551522A56A710002904B5 /* CGPoint+Extensions.swift in Sources */,
				1B0551452A56A6FB002904B5 /* widget.swift in Sources */,
				1B0551562A56A717002904B5 /* AppGroup.swift in Sources */,
				1B0551572A56A717002904B5 /* Unit.swift in Sources */,
				1B0551542A56A710002904B5 /* CGSIze+Extensions.swift in Sources */,
				1B0551432A56A6FB002904B5 /* widgetLiveActivity.swift in Sources */,
				1B0551412A56A6FB002904B5 /* widgetBundle.swift in Sources */,
				1B0551532A56A710002904B5 /* Color+Extensions.swift in Sources */,
				1B05515A2A56A734002904B5 /* GraphView.swift in Sources */,
			);
			runOnlyForDeploymentPostprocessing = 0;
		};
		1B28861F2A18F77400B1244B /* Sources */ = {
			isa = PBXSourcesBuildPhase;
			buildActionMask = 2147483647;
			files = (
				1B248B6C2A5D290500A312DD /* ImageView.swift in Sources */,
				1B248B662A5CE5FF00A312DD /* UIApplication+Extensions.swift in Sources */,
				1B05514B2A56A6FC002904B5 /* widget.intentdefinition in Sources */,
				1B383F772A5526C5003665EA /* AppGroup.swift in Sources */,
				1B2886512A18FAF400B1244B /* Unit.swift in Sources */,
				1B55EDED2A6660CF00FCB7F8 /* MenuView.swift in Sources */,
				1B248B632A5CE43100A312DD /* AdView.swift in Sources */,
				1BBE50AB2A5E98D70058400D /* Userdefault+Extensions.swift in Sources */,
				1B383F4D2A54F9C9003665EA /* CGFloat+Extensions.swift in Sources */,
				1B2886552A19D60C00B1244B /* GameManager.swift in Sources */,
				1B2886582A19D73600B1244B /* CGSIze+Extensions.swift in Sources */,
				1B2886292A18F77400B1244B /* ContentView.swift in Sources */,
				1B28865C2A19DFB200B1244B /* HandUnit.swift in Sources */,
				1B28865A2A19DC2900B1244B /* CGPoint+Extensions.swift in Sources */,
				1B2886272A18F77400B1244B /* GaweeBaweeBohApp.swift in Sources */,
				1BBE50AD2A5E9A370058400D /* BannerAdView.swift in Sources */,
				1BBE50A92A5E97BC0058400D /* GoogleAd.swift in Sources */,
				1B383F4B2A54F039003665EA /* GraphView.swift in Sources */,
				1BBE50A12A5E67A80058400D /* StarView.swift in Sources */,
				1B383F7A2A55329F003665EA /* Color+Extensions.swift in Sources */,
			);
			runOnlyForDeploymentPostprocessing = 0;
		};
/* End PBXSourcesBuildPhase section */

/* Begin PBXTargetDependency section */
		1B05514D2A56A6FC002904B5 /* PBXTargetDependency */ = {
			isa = PBXTargetDependency;
			target = 1B05513B2A56A6FB002904B5 /* widgetExtension */;
			targetProxy = 1B05514C2A56A6FC002904B5 /* PBXContainerItemProxy */;
		};
/* End PBXTargetDependency section */

/* Begin PBXVariantGroup section */
		1B55EDF42A66670800FCB7F8 /* Localizable.strings */ = {
			isa = PBXVariantGroup;
			children = (
				1B55EDF32A66670800FCB7F8 /* en */,
				1B55EDF62A66672600FCB7F8 /* ko */,
			);
			name = Localizable.strings;
			sourceTree = "<group>";
		};
		1B5A78312A5678F6005C3ECC /* InfoPlist.strings */ = {
			isa = PBXVariantGroup;
			children = (
				1B5A78302A5678F6005C3ECC /* en */,
				1B55EDF52A66672600FCB7F8 /* ko */,
			);
			name = InfoPlist.strings;
			sourceTree = "<group>";
		};
/* End PBXVariantGroup section */

/* Begin XCBuildConfiguration section */
		1B0551502A56A6FC002904B5 /* Debug */ = {
			isa = XCBuildConfiguration;
			buildSettings = {
				ASSETCATALOG_COMPILER_GLOBAL_ACCENT_COLOR_NAME = AccentColor;
				ASSETCATALOG_COMPILER_WIDGET_BACKGROUND_COLOR_NAME = WidgetBackground;
				CODE_SIGN_ENTITLEMENTS = widgetExtension.entitlements;
				CODE_SIGN_STYLE = Automatic;
				CURRENT_PROJECT_VERSION = 1;
				DEVELOPMENT_TEAM = QU9EPTU238;
				GENERATE_INFOPLIST_FILE = YES;
				INFOPLIST_FILE = widget/Info.plist;
				INFOPLIST_KEY_CFBundleDisplayName = widget;
				INFOPLIST_KEY_NSHumanReadableCopyright = "";
				IPHONEOS_DEPLOYMENT_TARGET = 16.4;
				LD_RUNPATH_SEARCH_PATHS = (
					"$(inherited)",
					"@executable_path/Frameworks",
					"@executable_path/../../Frameworks",
				);
				MARKETING_VERSION = 1.0.3;
				PRODUCT_BUNDLE_IDENTIFIER = net.kongbaguni.GaweeBaweeBoh.widget;
				PRODUCT_NAME = "$(TARGET_NAME)";
				SKIP_INSTALL = YES;
				SWIFT_EMIT_LOC_STRINGS = YES;
				SWIFT_VERSION = 5.0;
				TARGETED_DEVICE_FAMILY = "1,2";
			};
			name = Debug;
		};
		1B0551512A56A6FC002904B5 /* Release */ = {
			isa = XCBuildConfiguration;
			buildSettings = {
				ASSETCATALOG_COMPILER_GLOBAL_ACCENT_COLOR_NAME = AccentColor;
				ASSETCATALOG_COMPILER_WIDGET_BACKGROUND_COLOR_NAME = WidgetBackground;
				CODE_SIGN_ENTITLEMENTS = widgetExtension.entitlements;
				CODE_SIGN_STYLE = Automatic;
				CURRENT_PROJECT_VERSION = 1;
				DEVELOPMENT_TEAM = QU9EPTU238;
				GENERATE_INFOPLIST_FILE = YES;
				INFOPLIST_FILE = widget/Info.plist;
				INFOPLIST_KEY_CFBundleDisplayName = widget;
				INFOPLIST_KEY_NSHumanReadableCopyright = "";
				IPHONEOS_DEPLOYMENT_TARGET = 16.4;
				LD_RUNPATH_SEARCH_PATHS = (
					"$(inherited)",
					"@executable_path/Frameworks",
					"@executable_path/../../Frameworks",
				);
				MARKETING_VERSION = 1.0.3;
				PRODUCT_BUNDLE_IDENTIFIER = net.kongbaguni.GaweeBaweeBoh.widget;
				PRODUCT_NAME = "$(TARGET_NAME)";
				SKIP_INSTALL = YES;
				SWIFT_EMIT_LOC_STRINGS = YES;
				SWIFT_VERSION = 5.0;
				TARGETED_DEVICE_FAMILY = "1,2";
			};
			name = Release;
		};
		1B2886452A18F77500B1244B /* Debug */ = {
			isa = XCBuildConfiguration;
			buildSettings = {
				ALWAYS_SEARCH_USER_PATHS = NO;
				CLANG_ANALYZER_LOCALIZABILITY_NONLOCALIZED = YES;
				CLANG_ANALYZER_NONNULL = YES;
				CLANG_ANALYZER_NUMBER_OBJECT_CONVERSION = YES_AGGRESSIVE;
				CLANG_CXX_LANGUAGE_STANDARD = "gnu++20";
				CLANG_ENABLE_MODULES = YES;
				CLANG_ENABLE_OBJC_ARC = YES;
				CLANG_ENABLE_OBJC_WEAK = YES;
				CLANG_WARN_BLOCK_CAPTURE_AUTORELEASING = YES;
				CLANG_WARN_BOOL_CONVERSION = YES;
				CLANG_WARN_COMMA = YES;
				CLANG_WARN_CONSTANT_CONVERSION = YES;
				CLANG_WARN_DEPRECATED_OBJC_IMPLEMENTATIONS = YES;
				CLANG_WARN_DIRECT_OBJC_ISA_USAGE = YES_ERROR;
				CLANG_WARN_DOCUMENTATION_COMMENTS = YES;
				CLANG_WARN_EMPTY_BODY = YES;
				CLANG_WARN_ENUM_CONVERSION = YES;
				CLANG_WARN_INFINITE_RECURSION = YES;
				CLANG_WARN_INT_CONVERSION = YES;
				CLANG_WARN_NON_LITERAL_NULL_CONVERSION = YES;
				CLANG_WARN_OBJC_IMPLICIT_RETAIN_SELF = YES;
				CLANG_WARN_OBJC_LITERAL_CONVERSION = YES;
				CLANG_WARN_OBJC_ROOT_CLASS = YES_ERROR;
				CLANG_WARN_QUOTED_INCLUDE_IN_FRAMEWORK_HEADER = YES;
				CLANG_WARN_RANGE_LOOP_ANALYSIS = YES;
				CLANG_WARN_STRICT_PROTOTYPES = YES;
				CLANG_WARN_SUSPICIOUS_MOVE = YES;
				CLANG_WARN_UNGUARDED_AVAILABILITY = YES_AGGRESSIVE;
				CLANG_WARN_UNREACHABLE_CODE = YES;
				CLANG_WARN__DUPLICATE_METHOD_MATCH = YES;
				COPY_PHASE_STRIP = NO;
				DEBUG_INFORMATION_FORMAT = dwarf;
				ENABLE_STRICT_OBJC_MSGSEND = YES;
				ENABLE_TESTABILITY = YES;
				GCC_C_LANGUAGE_STANDARD = gnu11;
				GCC_DYNAMIC_NO_PIC = NO;
				GCC_NO_COMMON_BLOCKS = YES;
				GCC_OPTIMIZATION_LEVEL = 0;
				GCC_PREPROCESSOR_DEFINITIONS = (
					"DEBUG=1",
					"$(inherited)",
				);
				GCC_WARN_64_TO_32_BIT_CONVERSION = YES;
				GCC_WARN_ABOUT_RETURN_TYPE = YES_ERROR;
				GCC_WARN_UNDECLARED_SELECTOR = YES;
				GCC_WARN_UNINITIALIZED_AUTOS = YES_AGGRESSIVE;
				GCC_WARN_UNUSED_FUNCTION = YES;
				GCC_WARN_UNUSED_VARIABLE = YES;
				IPHONEOS_DEPLOYMENT_TARGET = 15.0;
				MTL_ENABLE_DEBUG_INFO = INCLUDE_SOURCE;
				MTL_FAST_MATH = YES;
				ONLY_ACTIVE_ARCH = YES;
				SDKROOT = iphoneos;
				SWIFT_ACTIVE_COMPILATION_CONDITIONS = DEBUG;
				SWIFT_OPTIMIZATION_LEVEL = "-Onone";
			};
			name = Debug;
		};
		1B2886462A18F77500B1244B /* Release */ = {
			isa = XCBuildConfiguration;
			buildSettings = {
				ALWAYS_SEARCH_USER_PATHS = NO;
				CLANG_ANALYZER_LOCALIZABILITY_NONLOCALIZED = YES;
				CLANG_ANALYZER_NONNULL = YES;
				CLANG_ANALYZER_NUMBER_OBJECT_CONVERSION = YES_AGGRESSIVE;
				CLANG_CXX_LANGUAGE_STANDARD = "gnu++20";
				CLANG_ENABLE_MODULES = YES;
				CLANG_ENABLE_OBJC_ARC = YES;
				CLANG_ENABLE_OBJC_WEAK = YES;
				CLANG_WARN_BLOCK_CAPTURE_AUTORELEASING = YES;
				CLANG_WARN_BOOL_CONVERSION = YES;
				CLANG_WARN_COMMA = YES;
				CLANG_WARN_CONSTANT_CONVERSION = YES;
				CLANG_WARN_DEPRECATED_OBJC_IMPLEMENTATIONS = YES;
				CLANG_WARN_DIRECT_OBJC_ISA_USAGE = YES_ERROR;
				CLANG_WARN_DOCUMENTATION_COMMENTS = YES;
				CLANG_WARN_EMPTY_BODY = YES;
				CLANG_WARN_ENUM_CONVERSION = YES;
				CLANG_WARN_INFINITE_RECURSION = YES;
				CLANG_WARN_INT_CONVERSION = YES;
				CLANG_WARN_NON_LITERAL_NULL_CONVERSION = YES;
				CLANG_WARN_OBJC_IMPLICIT_RETAIN_SELF = YES;
				CLANG_WARN_OBJC_LITERAL_CONVERSION = YES;
				CLANG_WARN_OBJC_ROOT_CLASS = YES_ERROR;
				CLANG_WARN_QUOTED_INCLUDE_IN_FRAMEWORK_HEADER = YES;
				CLANG_WARN_RANGE_LOOP_ANALYSIS = YES;
				CLANG_WARN_STRICT_PROTOTYPES = YES;
				CLANG_WARN_SUSPICIOUS_MOVE = YES;
				CLANG_WARN_UNGUARDED_AVAILABILITY = YES_AGGRESSIVE;
				CLANG_WARN_UNREACHABLE_CODE = YES;
				CLANG_WARN__DUPLICATE_METHOD_MATCH = YES;
				COPY_PHASE_STRIP = NO;
				DEBUG_INFORMATION_FORMAT = "dwarf-with-dsym";
				ENABLE_NS_ASSERTIONS = NO;
				ENABLE_STRICT_OBJC_MSGSEND = YES;
				GCC_C_LANGUAGE_STANDARD = gnu11;
				GCC_NO_COMMON_BLOCKS = YES;
				GCC_WARN_64_TO_32_BIT_CONVERSION = YES;
				GCC_WARN_ABOUT_RETURN_TYPE = YES_ERROR;
				GCC_WARN_UNDECLARED_SELECTOR = YES;
				GCC_WARN_UNINITIALIZED_AUTOS = YES_AGGRESSIVE;
				GCC_WARN_UNUSED_FUNCTION = YES;
				GCC_WARN_UNUSED_VARIABLE = YES;
				IPHONEOS_DEPLOYMENT_TARGET = 15.0;
				MTL_ENABLE_DEBUG_INFO = NO;
				MTL_FAST_MATH = YES;
				SDKROOT = iphoneos;
				SWIFT_COMPILATION_MODE = wholemodule;
				SWIFT_OPTIMIZATION_LEVEL = "-O";
				VALIDATE_PRODUCT = YES;
			};
			name = Release;
		};
		1B2886482A18F77500B1244B /* Debug */ = {
			isa = XCBuildConfiguration;
			buildSettings = {
				ALWAYS_EMBED_SWIFT_STANDARD_LIBRARIES = YES;
				ASSETCATALOG_COMPILER_APPICON_NAME = AppIcon;
				ASSETCATALOG_COMPILER_GLOBAL_ACCENT_COLOR_NAME = AccentColor;
				CODE_SIGN_ENTITLEMENTS = GaweeBaweeBoh/GaweeBaweeBoh.entitlements;
				CODE_SIGN_STYLE = Automatic;
				CURRENT_PROJECT_VERSION = 1;
				DEVELOPMENT_ASSET_PATHS = "\"GaweeBaweeBoh/Preview Content\"";
				DEVELOPMENT_TEAM = QU9EPTU238;
				ENABLE_PREVIEWS = YES;
				GENERATE_INFOPLIST_FILE = YES;
				INFOPLIST_FILE = GaweeBaweeBoh/Info.plist;
				INFOPLIST_KEY_CFBundleDisplayName = GaweeBaweeBoh;
				INFOPLIST_KEY_LSApplicationCategoryType = "public.app-category.education";
				INFOPLIST_KEY_NSUserTrackingUsageDescription = "This identifier will be used to deliver personalized ads to you.";
				INFOPLIST_KEY_UIApplicationSceneManifest_Generation = YES;
				INFOPLIST_KEY_UIApplicationSupportsIndirectInputEvents = YES;
				INFOPLIST_KEY_UILaunchScreen_Generation = YES;
				INFOPLIST_KEY_UIRequiresFullScreen = YES;
				INFOPLIST_KEY_UIStatusBarStyle = "";
				INFOPLIST_KEY_UISupportedInterfaceOrientations = "UIInterfaceOrientationLandscapeLeft UIInterfaceOrientationLandscapeRight UIInterfaceOrientationPortrait UIInterfaceOrientationPortraitUpsideDown";
				LD_RUNPATH_SEARCH_PATHS = (
					"$(inherited)",
					"@executable_path/Frameworks",
				);
				MARKETING_VERSION = 1.0.3;
				OTHER_LDFLAGS = "-ObjC";
				PRODUCT_BUNDLE_IDENTIFIER = net.kongbaguni.GaweeBaweeBoh;
				PRODUCT_NAME = "$(TARGET_NAME)";
				SWIFT_EMIT_LOC_STRINGS = YES;
				SWIFT_VERSION = 5.0;
				TARGETED_DEVICE_FAMILY = "1,2";
			};
			name = Debug;
		};
		1B2886492A18F77500B1244B /* Release */ = {
			isa = XCBuildConfiguration;
			buildSettings = {
				ALWAYS_EMBED_SWIFT_STANDARD_LIBRARIES = YES;
				ASSETCATALOG_COMPILER_APPICON_NAME = AppIcon;
				ASSETCATALOG_COMPILER_GLOBAL_ACCENT_COLOR_NAME = AccentColor;
				CODE_SIGN_ENTITLEMENTS = GaweeBaweeBoh/GaweeBaweeBoh.entitlements;
				CODE_SIGN_STYLE = Automatic;
				CURRENT_PROJECT_VERSION = 1;
				DEVELOPMENT_ASSET_PATHS = "\"GaweeBaweeBoh/Preview Content\"";
				DEVELOPMENT_TEAM = QU9EPTU238;
				ENABLE_PREVIEWS = YES;
				GENERATE_INFOPLIST_FILE = YES;
				INFOPLIST_FILE = GaweeBaweeBoh/Info.plist;
				INFOPLIST_KEY_CFBundleDisplayName = GaweeBaweeBoh;
				INFOPLIST_KEY_LSApplicationCategoryType = "public.app-category.education";
				INFOPLIST_KEY_NSUserTrackingUsageDescription = "This identifier will be used to deliver personalized ads to you.";
				INFOPLIST_KEY_UIApplicationSceneManifest_Generation = YES;
				INFOPLIST_KEY_UIApplicationSupportsIndirectInputEvents = YES;
				INFOPLIST_KEY_UILaunchScreen_Generation = YES;
				INFOPLIST_KEY_UIRequiresFullScreen = YES;
				INFOPLIST_KEY_UIStatusBarStyle = "";
				INFOPLIST_KEY_UISupportedInterfaceOrientations = "UIInterfaceOrientationLandscapeLeft UIInterfaceOrientationLandscapeRight UIInterfaceOrientationPortrait UIInterfaceOrientationPortraitUpsideDown";
				LD_RUNPATH_SEARCH_PATHS = (
					"$(inherited)",
					"@executable_path/Frameworks",
				);
				MARKETING_VERSION = 1.0.3;
				OTHER_LDFLAGS = "-ObjC";
				PRODUCT_BUNDLE_IDENTIFIER = net.kongbaguni.GaweeBaweeBoh;
				PRODUCT_NAME = "$(TARGET_NAME)";
				SWIFT_EMIT_LOC_STRINGS = YES;
				SWIFT_VERSION = 5.0;
				TARGETED_DEVICE_FAMILY = "1,2";
			};
			name = Release;
		};
/* End XCBuildConfiguration section */

/* Begin XCConfigurationList section */
		1B05514F2A56A6FC002904B5 /* Build configuration list for PBXNativeTarget "widgetExtension" */ = {
			isa = XCConfigurationList;
			buildConfigurations = (
				1B0551502A56A6FC002904B5 /* Debug */,
				1B0551512A56A6FC002904B5 /* Release */,
			);
			defaultConfigurationIsVisible = 0;
			defaultConfigurationName = Release;
		};
		1B28861E2A18F77400B1244B /* Build configuration list for PBXProject "GaweeBaweeBoh" */ = {
			isa = XCConfigurationList;
			buildConfigurations = (
				1B2886452A18F77500B1244B /* Debug */,
				1B2886462A18F77500B1244B /* Release */,
			);
			defaultConfigurationIsVisible = 0;
			defaultConfigurationName = Release;
		};
		1B2886472A18F77500B1244B /* Build configuration list for PBXNativeTarget "GaweeBaweeBoh" */ = {
			isa = XCConfigurationList;
			buildConfigurations = (
				1B2886482A18F77500B1244B /* Debug */,
				1B2886492A18F77500B1244B /* Release */,
			);
			defaultConfigurationIsVisible = 0;
			defaultConfigurationName = Release;
		};
/* End XCConfigurationList section */

/* Begin XCRemoteSwiftPackageReference section */
		1B248B5F2A5CE1DA00A312DD /* XCRemoteSwiftPackageReference "swift-package-manager-google-mobile-ads" */ = {
			isa = XCRemoteSwiftPackageReference;
			repositoryURL = "https://github.com/googleads/swift-package-manager-google-mobile-ads.git";
			requirement = {
				kind = upToNextMajorVersion;
				minimumVersion = 10.0.0;
			};
		};
		1B248B6D2A5D39D200A312DD /* XCRemoteSwiftPackageReference "ActivityIndicatorView" */ = {
			isa = XCRemoteSwiftPackageReference;
			repositoryURL = "https://github.com/exyte/ActivityIndicatorView.git";
			requirement = {
				kind = upToNextMajorVersion;
				minimumVersion = 1.0.0;
			};
		};
/* End XCRemoteSwiftPackageReference section */

/* Begin XCSwiftPackageProductDependency section */
		1B248B602A5CE1DA00A312DD /* GoogleMobileAds */ = {
			isa = XCSwiftPackageProductDependency;
			package = 1B248B5F2A5CE1DA00A312DD /* XCRemoteSwiftPackageReference "swift-package-manager-google-mobile-ads" */;
			productName = GoogleMobileAds;
		};
		1B248B6E2A5D39D200A312DD /* ActivityIndicatorView */ = {
			isa = XCSwiftPackageProductDependency;
			package = 1B248B6D2A5D39D200A312DD /* XCRemoteSwiftPackageReference "ActivityIndicatorView" */;
			productName = ActivityIndicatorView;
		};
/* End XCSwiftPackageProductDependency section */
	};
	rootObject = 1B28861B2A18F77400B1244B /* Project object */;
}
